
Microsoft Visual Studio Solution File, Format Version 12.00
# Visual Studio Version 17
VisualStudioVersion = 17.14.36511.14 d17.14
MinimumVisualStudioVersion = 10.0.40219.1
Project("{FAE04EC0-301F-11D3-BF4B-00C04F79EFBC}") = "MontandoTimes", "MontandoTimes.csproj", "{56ED1346-0DF1-4CFE-9B77-616F2C53F438}"
EndProject
Global
	GlobalSection(SolutionConfigurationPlatforms) = preSolution
		Debug|Any CPU = Debug|Any CPU
		Release|Any CPU = Release|Any CPU
	EndGlobalSection
	GlobalSection(ProjectConfigurationPlatforms) = postSolution
		{56ED1346-0DF1-4CFE-9B77-616F2C53F438}.Debug|Any CPU.ActiveCfg = Debug|Any CPU
		{56ED1346-0DF1-4CFE-9B77-616F2C53F438}.Debug|Any CPU.Build.0 = Debug|Any CPU
		{56ED1346-0DF1-4CFE-9B77-616F2C53F438}.Release|Any CPU.ActiveCfg = Release|Any CPU
		{56ED1346-0DF1-4CFE-9B77-616F2C53F438}.Release|Any CPU.Build.0 = Release|Any CPU
	EndGlobalSection
	GlobalSection(SolutionProperties) = preSolution
		HideSolutionNode = FALSE
	EndGlobalSection
	GlobalSection(ExtensibilityGlobals) = postSolution
		SolutionGuid = {5CE6D283-0DDB-4385-ACBA-E3D90CFDFDEA}
	EndGlobalSection
EndGlobal
